<?xml version="1.0" encoding="utf-8"?>
<Project ToolsVersion="4.0" xmlns="http://schemas.microsoft.com/developer/msbuild/2003">
  <ItemGroup>
    <Filter Include="src">
      <UniqueIdentifier>{4FC737F1-C7A5-4376-A066-2A32D752A2FF}</UniqueIdentifier>
      <Extensions>
      </Extensions>
    </Filter>
    <Filter Include="src\test">
      <UniqueIdentifier>{3fef5d16-5f60-4324-8717-48eb1f41a48a}</UniqueIdentifier>
    </Filter>
  </ItemGroup>
  <ItemGroup>
    <ClInclude Include="..\src\test\cutest.h">
      <Filter>src\test</Filter>
    </ClInclude>
    <ClInclude Include="..\src\test\mock.h">
      <Filter>src\test</Filter>
    </ClInclude>
    <ClInclude Include="..\src\test\test_all.h">
      <Filter>src\test</Filter>
    </ClInclude>
    <ClInclude Include="..\src\test\test_sdutils.h">
      <Filter>src\test</Filter>
    </ClInclude>
    <ClInclude Include="..\src\test\test_utils.h">
      <Filter>src\test</Filter>
    </ClInclude>
  </ItemGroup>
  <ItemGroup>
    <ClCompile Include="..\src\test\mock.cpp">
      <Filter>src\test</Filter>
    </ClCompile>
    <ClCompile Include="..\src\test\test_all.cpp">
      <Filter>src\test</Filter>
    </ClCompile>
    <ClCompile Include="..\src\test\test_api.cpp">
      <Filter>src\test</Filter>
    </ClCompile>
    <ClCompile Include="..\src\test\test_bulk.cpp">
      <Filter>src\test</Filter>
    </ClCompile>
    <ClCompile Include="..\src\test\test_compression.cpp">
      <Filter>src\test</Filter>
    </ClCompile>
    <ClCompile Include="..\src\test\test_cornerpoints.cpp">
      <Filter>src\test</Filter>
    </ClCompile>
    <ClCompile Include="..\src\test\test_databuffer.cpp">
      <Filter>src\test</Filter>
    </ClCompile>
    <ClCompile Include="..\src\test\test_example.cpp">
      <Filter>src\test</Filter>
    </ClCompile>
    <ClCompile Include="..\src\test\test_file.cpp">
      <Filter>src\test</Filter>
    </ClCompile>
    <ClCompile Include="..\src\test\test_histobuilder.cpp">
      <Filter>src\test</Filter>
    </ClCompile>
    <ClCompile Include="..\src\test\test_histogram.cpp">
      <Filter>src\test</Filter>
    </ClCompile>
    <ClCompile Include="..\src\test\test_iocontext.cpp">
      <Filter>src\test</Filter>
    </ClCompile>
    <ClCompile Include="..\src\test\test_locker.cpp">
      <Filter>src\test</Filter>
    </ClCompile>
    <ClCompile Include="..\src\test\test_lodalgo.cpp">
      <Filter>src\test</Filter>
    </ClCompile>
    <ClCompile Include="..\src\test\test_lowpass.cpp">
      <Filter>src\test</Filter>
    </ClCompile>
    <ClCompile Include="..\src\test\test_meta.cpp">
      <Filter>src\test</Filter>
    </ClCompile>
    <ClCompile Include="..\src\test\test_mtguard.cpp">
      <Filter>src\test</Filter>
    </ClCompile>
    <ClCompile Include="..\src\test\test_reopen.cpp">
      <Filter>src\test</Filter>
    </ClCompile>
    <ClCompile Include="..\src\test\test_roundandclip.cpp">
      <Filter>src\test</Filter>
    </ClCompile>
    <ClCompile Include="..\src\test\test_sdutils.cpp">
      <Filter>src\test</Filter>
    </ClCompile>
    <ClCompile Include="..\src\test\test_smallcache.cpp">
      <Filter>src\test</Filter>
    </ClCompile>
    <ClCompile Include="..\src\test\test_structaccess.cpp">
      <Filter>src\test</Filter>
    </ClCompile>
    <ClCompile Include="..\src\test\test_timer.cpp">
      <Filter>src\test</Filter>
    </ClCompile>
    <ClCompile Include="..\src\test\test_utils.cpp">
      <Filter>src\test</Filter>
    </ClCompile>
    <ClCompile Include="..\src\test\test_workorder.cpp">
      <Filter>src\test</Filter>
    </ClCompile>
    <ClCompile Include="..\src\test\test_edgebrick.cpp">
      <Filter>src\test</Filter>
    </ClCompile>
    <ClCompile Include="..\src\test\test_tracktouched.cpp">
      <Filter>src\test</Filter>
    </ClCompile>
    <ClCompile Include="..\src\test\test_writerargs.cpp">
      <Filter>src\test</Filter>
    </ClCompile>
    <ClCompile Include="..\src\test\test_optimize.cpp">
      <Filter>src\test</Filter>
    </ClCompile>
    <ClCompile Include="..\src\test\test_consolidate.cpp">
      <Filter>src\test</Filter>
    </ClCompile>
  </ItemGroup>
  <ItemGroup>
    <CustomBuild Include="..\src\test\testdata.bat" />
  </ItemGroup>
</Project>